
Microsoft Visual Studio Solution File, Format Version 12.00
# Visual Studio Version 16
VisualStudioVersion = 16.0.31829.152
MinimumVisualStudioVersion = 10.0.40219.1
Project("{D2ABAB84-BF74-430A-B69E-9DC6D40DDA17}") = "Project", "Project.dwproj", "{410BB11B-5CD2-4CB1-934B-D727D580F98B}"
EndProject
Global
	GlobalSection(SolutionConfigurationPlatforms) = preSolution
		Development|Default = Development|Default
	EndGlobalSection
	GlobalSection(ProjectConfigurationPlatforms) = postSolution
		{410BB11B-5CD2-4CB1-934B-D727D580F98B}.Development|Default.ActiveCfg = Development
		{410BB11B-5CD2-4CB1-934B-D727D580F98B}.Development|Default.Build.0 = Development
		{410BB11B-5CD2-4CB1-934B-D727D580F98B}.Development|Default.Deploy.0 = Development
	EndGlobalSection
	GlobalSection(SolutionProperties) = preSolution
		HideSolutionNode = FALSE
	EndGlobalSection
	GlobalSection(ExtensibilityGlobals) = postSolution
		SolutionGuid = {58A78CEC-B907-4DB5-8BAC-3D321A7DEE06}
	EndGlobalSection
EndGlobal
